{
  "name": "cd-form-library",
  "version": "0.1.18",
  "lockfileVersion": 3,
  "requires": true,
  "packages": {
    "": {
      "name": "cd-form-library",
      "version": "0.1.18",
      "license": "MIT",
      "dependencies": {
        "@maskito/core": "^3.10.3",
        "@maskito/kit": "^3.10.3"
      },
      "devDependencies": {
        "typescript": "^5.0.0"
      }
    },
    "node_modules/@maskito/core": {
      "version": "3.10.3",
      "resolved": "https://registry.npmjs.org/@maskito/core/-/core-3.10.3.tgz",
      "integrity": "sha512-4SZeEF6PjDHC+J5ADrJaSrFmgqmGkqfE5Yi6BrNXze9TGvVRy9aHJCizShFvheqCEu6MsK0XprZot28wH9AhjQ==",
      "license": "Apache-2.0"
    },
    "node_modules/@maskito/kit": {
      "version": "3.10.3",
      "resolved": "https://registry.npmjs.org/@maskito/kit/-/kit-3.10.3.tgz",
      "integrity": "sha512-4IAL5WPlz4zi6vCMp8KbSAVh67WT+o0PzQ56dU4E7crN1jzBm1cN7MIbGawefOIXwAiqCb8zOSyTv/qqSL0xGQ==",
      "license": "Apache-2.0",
      "peerDependencies": {
        "@maskito/core": "^3.10.3"
      }
    },
    "node_modules/typescript": {
      "version": "5.9.2",
      "resolved": "https://registry.npmjs.org/typescript/-/typescript-5.9.2.tgz",
      "integrity": "sha512-CWBzXQrc/qOkhidw1OzBTQuYRbfyxDXJMVJ1XNwUHGROVmuaeiEm3OslpZ1RV96d7SKKjZKrSJu3+t/xlw3R9A==",
      "dev": true,
      "license": "Apache-2.0",
      "bin": {
        "tsc": "bin/tsc",
        "tsserver": "bin/tsserver"
      },
      "engines": {
        "node": ">=14.17"
      }
    }
  }
}
